// !$*UTF8*$!
{
	archiveVersion = 1;
	classes = {
	};
	objectVersion = 44;
	objects = {

/* Begin PBXBuildFile section */
		4DE339F70D74FCDD00ADB6EE /* rb_main.rb in Resources */ = {isa = PBXBuildFile; fileRef = 4DE339F60D74FCDD00ADB6EE /* rb_main.rb */; };
		4DE3BE140D8651D900ECA448 /* MacRuby.framework in Frameworks */ = {isa = PBXBuildFile; fileRef = 4DE3BE130D8651D900ECA448 /* MacRuby.framework */; };
		6C246D7B0F2078E80014B2F7 /* harvest.gemspec in Resources */ = {isa = PBXBuildFile; fileRef = 6C246D350F2078E80014B2F7 /* harvest.gemspec */; };
		6C246D7C0F2078E80014B2F7 /* HISTORY in Resources */ = {isa = PBXBuildFile; fileRef = 6C246D360F2078E80014B2F7 /* HISTORY */; };
		6C246D7D0F2078E80014B2F7 /* base.rb in Resources */ = {isa = PBXBuildFile; fileRef = 6C246D390F2078E80014B2F7 /* base.rb */; };
		6C246D7E0F2078E80014B2F7 /* harvest_resource.rb in Resources */ = {isa = PBXBuildFile; fileRef = 6C246D3A0F2078E80014B2F7 /* harvest_resource.rb */; };
		6C246D7F0F2078E80014B2F7 /* active_resource_inheritable_headers.rb in Resources */ = {isa = PBXBuildFile; fileRef = 6C246D3C0F2078E80014B2F7 /* active_resource_inheritable_headers.rb */; };
		6C246D800F2078E80014B2F7 /* hash_ext.rb in Resources */ = {isa = PBXBuildFile; fileRef = 6C246D3D0F2078E80014B2F7 /* hash_ext.rb */; };
		6C246D810F2078E80014B2F7 /* toggleable.rb in Resources */ = {isa = PBXBuildFile; fileRef = 6C246D3E0F2078E80014B2F7 /* toggleable.rb */; };
		6C246D820F2078E80014B2F7 /* client.rb in Resources */ = {isa = PBXBuildFile; fileRef = 6C246D400F2078E80014B2F7 /* client.rb */; };
		6C246D830F2078E80014B2F7 /* entry.rb in Resources */ = {isa = PBXBuildFile; fileRef = 6C246D410F2078E80014B2F7 /* entry.rb */; };
		6C246D840F2078E80014B2F7 /* expense.rb in Resources */ = {isa = PBXBuildFile; fileRef = 6C246D420F2078E80014B2F7 /* expense.rb */; };
		6C246D850F2078E80014B2F7 /* expense_category.rb in Resources */ = {isa = PBXBuildFile; fileRef = 6C246D430F2078E80014B2F7 /* expense_category.rb */; };
		6C246D860F2078E80014B2F7 /* person.rb in Resources */ = {isa = PBXBuildFile; fileRef = 6C246D440F2078E80014B2F7 /* person.rb */; };
		6C246D870F2078E80014B2F7 /* project.rb in Resources */ = {isa = PBXBuildFile; fileRef = 6C246D450F2078E80014B2F7 /* project.rb */; };
		6C246D880F2078E80014B2F7 /* task.rb in Resources */ = {isa = PBXBuildFile; fileRef = 6C246D460F2078E80014B2F7 /* task.rb */; };
		6C246D890F2078E80014B2F7 /* task_assignment.rb in Resources */ = {isa = PBXBuildFile; fileRef = 6C246D470F2078E80014B2F7 /* task_assignment.rb */; };
		6C246D8A0F2078E80014B2F7 /* user_assignment.rb in Resources */ = {isa = PBXBuildFile; fileRef = 6C246D480F2078E80014B2F7 /* user_assignment.rb */; };
		6C246D8B0F2078E80014B2F7 /* harvest.rb in Resources */ = {isa = PBXBuildFile; fileRef = 6C246D490F2078E80014B2F7 /* harvest.rb */; };
		6C246D8C0F2078E80014B2F7 /* LICENSE in Resources */ = {isa = PBXBuildFile; fileRef = 6C246D4A0F2078E80014B2F7 /* LICENSE */; };
		6C246D8D0F2078E80014B2F7 /* Rakefile in Resources */ = {isa = PBXBuildFile; fileRef = 6C246D4B0F2078E80014B2F7 /* Rakefile */; };
		6C246D8E0F2078E80014B2F7 /* README.rdoc in Resources */ = {isa = PBXBuildFile; fileRef = 6C246D4C0F2078E80014B2F7 /* README.rdoc */; };
		6C246D8F0F2078E80014B2F7 /* client_integration.rb in Resources */ = {isa = PBXBuildFile; fileRef = 6C246D4F0F2078E80014B2F7 /* client_integration.rb */; };
		6C246D900F2078E80014B2F7 /* client_teardown.rb in Resources */ = {isa = PBXBuildFile; fileRef = 6C246D500F2078E80014B2F7 /* client_teardown.rb */; };
		6C246D910F2078E80014B2F7 /* expense_category_integration.rb in Resources */ = {isa = PBXBuildFile; fileRef = 6C246D510F2078E80014B2F7 /* expense_category_integration.rb */; };
		6C246D920F2078E80014B2F7 /* expense_category_teardown.rb in Resources */ = {isa = PBXBuildFile; fileRef = 6C246D520F2078E80014B2F7 /* expense_category_teardown.rb */; };
		6C246D930F2078E80014B2F7 /* harvest_integration_test.rb in Resources */ = {isa = PBXBuildFile; fileRef = 6C246D530F2078E80014B2F7 /* harvest_integration_test.rb */; };
		6C246D940F2078E80014B2F7 /* project_integration.rb in Resources */ = {isa = PBXBuildFile; fileRef = 6C246D540F2078E80014B2F7 /* project_integration.rb */; };
		6C246D950F2078E80014B2F7 /* project_teardown.rb in Resources */ = {isa = PBXBuildFile; fileRef = 6C246D550F2078E80014B2F7 /* project_teardown.rb */; };
		6C246D960F2078E80014B2F7 /* task_integration.rb in Resources */ = {isa = PBXBuildFile; fileRef = 6C246D560F2078E80014B2F7 /* task_integration.rb */; };
		6C246D970F2078E80014B2F7 /* task_teardown.rb in Resources */ = {isa = PBXBuildFile; fileRef = 6C246D570F2078E80014B2F7 /* task_teardown.rb */; };
		6C246D980F2078E80014B2F7 /* test_helper.rb in Resources */ = {isa = PBXBuildFile; fileRef = 6C246D580F2078E80014B2F7 /* test_helper.rb */; };
		6C246D990F2078E80014B2F7 /* base_test.rb in Resources */ = {isa = PBXBuildFile; fileRef = 6C246D5A0F2078E80014B2F7 /* base_test.rb */; };
		6C246D9A0F2078E80014B2F7 /* client_test.rb in Resources */ = {isa = PBXBuildFile; fileRef = 6C246D5C0F2078E80014B2F7 /* client_test.rb */; };
		6C246D9B0F2078E80014B2F7 /* expense_category_test.rb in Resources */ = {isa = PBXBuildFile; fileRef = 6C246D5D0F2078E80014B2F7 /* expense_category_test.rb */; };
		6C246D9C0F2078E80014B2F7 /* expense_test.rb in Resources */ = {isa = PBXBuildFile; fileRef = 6C246D5E0F2078E80014B2F7 /* expense_test.rb */; };
		6C246D9D0F2078E80014B2F7 /* person_test.rb in Resources */ = {isa = PBXBuildFile; fileRef = 6C246D5F0F2078E80014B2F7 /* person_test.rb */; };
		6C246D9E0F2078E80014B2F7 /* project_test.rb in Resources */ = {isa = PBXBuildFile; fileRef = 6C246D600F2078E80014B2F7 /* project_test.rb */; };
		6C246D9F0F2078E80014B2F7 /* task_assignment_test.rb in Resources */ = {isa = PBXBuildFile; fileRef = 6C246D610F2078E80014B2F7 /* task_assignment_test.rb */; };
		6C246DA00F2078E80014B2F7 /* task_test.rb in Resources */ = {isa = PBXBuildFile; fileRef = 6C246D620F2078E80014B2F7 /* task_test.rb */; };
		6C246DA10F2078E80014B2F7 /* user_assignment_test.rb in Resources */ = {isa = PBXBuildFile; fileRef = 6C246D630F2078E80014B2F7 /* user_assignment_test.rb */; };
		6C246DFE0F207B7F0014B2F7 /* CHANGELOG in Resources */ = {isa = PBXBuildFile; fileRef = 6C246DDC0F207B7F0014B2F7 /* CHANGELOG */; };
		6C246DFF0F207B7F0014B2F7 /* base.rb in Resources */ = {isa = PBXBuildFile; fileRef = 6C246DDF0F207B7F0014B2F7 /* base.rb */; };
		6C246E000F207B7F0014B2F7 /* connection.rb in Resources */ = {isa = PBXBuildFile; fileRef = 6C246DE00F207B7F0014B2F7 /* connection.rb */; };
		6C246E010F207B7F0014B2F7 /* custom_methods.rb in Resources */ = {isa = PBXBuildFile; fileRef = 6C246DE10F207B7F0014B2F7 /* custom_methods.rb */; };
		6C246E020F207B7F0014B2F7 /* json_format.rb in Resources */ = {isa = PBXBuildFile; fileRef = 6C246DE30F207B7F0014B2F7 /* json_format.rb */; };
		6C246E030F207B7F0014B2F7 /* xml_format.rb in Resources */ = {isa = PBXBuildFile; fileRef = 6C246DE40F207B7F0014B2F7 /* xml_format.rb */; };
		6C246E040F207B7F0014B2F7 /* formats.rb in Resources */ = {isa = PBXBuildFile; fileRef = 6C246DE50F207B7F0014B2F7 /* formats.rb */; };
		6C246E050F207B7F0014B2F7 /* http_mock.rb in Resources */ = {isa = PBXBuildFile; fileRef = 6C246DE60F207B7F0014B2F7 /* http_mock.rb */; };
		6C246E060F207B7F0014B2F7 /* validations.rb in Resources */ = {isa = PBXBuildFile; fileRef = 6C246DE70F207B7F0014B2F7 /* validations.rb */; };
		6C246E070F207B7F0014B2F7 /* version.rb in Resources */ = {isa = PBXBuildFile; fileRef = 6C246DE80F207B7F0014B2F7 /* version.rb */; };
		6C246E080F207B7F0014B2F7 /* active_resource.rb in Resources */ = {isa = PBXBuildFile; fileRef = 6C246DE90F207B7F0014B2F7 /* active_resource.rb */; };
		6C246E090F207B7F0014B2F7 /* activeresource.rb in Resources */ = {isa = PBXBuildFile; fileRef = 6C246DEA0F207B7F0014B2F7 /* activeresource.rb */; };
		6C246E0A0F207B7F0014B2F7 /* Rakefile in Resources */ = {isa = PBXBuildFile; fileRef = 6C246DEB0F207B7F0014B2F7 /* Rakefile */; };
		6C246E0B0F207B7F0014B2F7 /* README in Resources */ = {isa = PBXBuildFile; fileRef = 6C246DEC0F207B7F0014B2F7 /* README */; };
		6C246E0C0F207B7F0014B2F7 /* abstract_unit.rb in Resources */ = {isa = PBXBuildFile; fileRef = 6C246DEE0F207B7F0014B2F7 /* abstract_unit.rb */; };
		6C246E0D0F207B7F0014B2F7 /* authorization_test.rb in Resources */ = {isa = PBXBuildFile; fileRef = 6C246DEF0F207B7F0014B2F7 /* authorization_test.rb */; };
		6C246E0E0F207B7F0014B2F7 /* custom_methods_test.rb in Resources */ = {isa = PBXBuildFile; fileRef = 6C246DF10F207B7F0014B2F7 /* custom_methods_test.rb */; };
		6C246E0F0F207B7F0014B2F7 /* equality_test.rb in Resources */ = {isa = PBXBuildFile; fileRef = 6C246DF20F207B7F0014B2F7 /* equality_test.rb */; };
		6C246E100F207B7F0014B2F7 /* load_test.rb in Resources */ = {isa = PBXBuildFile; fileRef = 6C246DF30F207B7F0014B2F7 /* load_test.rb */; };
		6C246E110F207B7F0014B2F7 /* base_errors_test.rb in Resources */ = {isa = PBXBuildFile; fileRef = 6C246DF40F207B7F0014B2F7 /* base_errors_test.rb */; };
		6C246E120F207B7F0014B2F7 /* base_test.rb in Resources */ = {isa = PBXBuildFile; fileRef = 6C246DF50F207B7F0014B2F7 /* base_test.rb */; };
		6C246E130F207B7F0014B2F7 /* connection_test.rb in Resources */ = {isa = PBXBuildFile; fileRef = 6C246DF60F207B7F0014B2F7 /* connection_test.rb */; };
		6C246E140F207B7F0014B2F7 /* beast.rb in Resources */ = {isa = PBXBuildFile; fileRef = 6C246DF80F207B7F0014B2F7 /* beast.rb */; };
		6C246E150F207B7F0014B2F7 /* customer.rb in Resources */ = {isa = PBXBuildFile; fileRef = 6C246DF90F207B7F0014B2F7 /* customer.rb */; };
		6C246E160F207B7F0014B2F7 /* person.rb in Resources */ = {isa = PBXBuildFile; fileRef = 6C246DFA0F207B7F0014B2F7 /* person.rb */; };
		6C246E170F207B7F0014B2F7 /* street_address.rb in Resources */ = {isa = PBXBuildFile; fileRef = 6C246DFB0F207B7F0014B2F7 /* street_address.rb */; };
		6C246E180F207B7F0014B2F7 /* format_test.rb in Resources */ = {isa = PBXBuildFile; fileRef = 6C246DFC0F207B7F0014B2F7 /* format_test.rb */; };
		6C246E190F207B7F0014B2F7 /* setter_trap.rb in Resources */ = {isa = PBXBuildFile; fileRef = 6C246DFD0F207B7F0014B2F7 /* setter_trap.rb */; };
		8D11072A0486CEB800E47090 /* MainMenu.nib in Resources */ = {isa = PBXBuildFile; fileRef = 29B97318FDCFA39411CA2CEA /* MainMenu.nib */; };
		8D11072B0486CEB800E47090 /* InfoPlist.strings in Resources */ = {isa = PBXBuildFile; fileRef = 089C165CFE840E0CC02AAC07 /* InfoPlist.strings */; };
		8D11072D0486CEB800E47090 /* main.m in Sources */ = {isa = PBXBuildFile; fileRef = 29B97316FDCFA39411CA2CEA /* main.m */; settings = {ATTRIBUTES = (); }; };
		8D11072F0486CEB800E47090 /* Cocoa.framework in Frameworks */ = {isa = PBXBuildFile; fileRef = 1058C7A1FEA54F0111CA2CBB /* Cocoa.framework */; };
/* End PBXBuildFile section */

/* Begin PBXFileReference section */
		089C165DFE840E0CC02AAC07 /* English */ = {isa = PBXFileReference; fileEncoding = 10; lastKnownFileType = text.plist.strings; name = English; path = English.lproj/InfoPlist.strings; sourceTree = "<group>"; };
		1058C7A1FEA54F0111CA2CBB /* Cocoa.framework */ = {isa = PBXFileReference; lastKnownFileType = wrapper.framework; name = Cocoa.framework; path = /System/Library/Frameworks/Cocoa.framework; sourceTree = "<absolute>"; };
		13E42FB307B3F0F600E4EEF1 /* CoreData.framework */ = {isa = PBXFileReference; lastKnownFileType = wrapper.framework; name = CoreData.framework; path = /System/Library/Frameworks/CoreData.framework; sourceTree = "<absolute>"; };
		29B97316FDCFA39411CA2CEA /* main.m */ = {isa = PBXFileReference; fileEncoding = 4; lastKnownFileType = sourcecode.c.objc; path = main.m; sourceTree = "<group>"; };
		29B97319FDCFA39411CA2CEA /* English */ = {isa = PBXFileReference; lastKnownFileType = wrapper.nib; name = English; path = English.lproj/MainMenu.nib; sourceTree = "<group>"; };
		29B97324FDCFA39411CA2CEA /* AppKit.framework */ = {isa = PBXFileReference; lastKnownFileType = wrapper.framework; name = AppKit.framework; path = /System/Library/Frameworks/AppKit.framework; sourceTree = "<absolute>"; };
		29B97325FDCFA39411CA2CEA /* Foundation.framework */ = {isa = PBXFileReference; lastKnownFileType = wrapper.framework; name = Foundation.framework; path = /System/Library/Frameworks/Foundation.framework; sourceTree = "<absolute>"; };
		4DE339F60D74FCDD00ADB6EE /* rb_main.rb */ = {isa = PBXFileReference; fileEncoding = 4; lastKnownFileType = text.script.ruby; path = rb_main.rb; sourceTree = "<group>"; };
		4DE3BE130D8651D900ECA448 /* MacRuby.framework */ = {isa = PBXFileReference; lastKnownFileType = wrapper.framework; name = MacRuby.framework; path = /Library/Frameworks/MacRuby.framework; sourceTree = "<absolute>"; };
		6C246D350F2078E80014B2F7 /* harvest.gemspec */ = {isa = PBXFileReference; fileEncoding = 4; lastKnownFileType = text; path = harvest.gemspec; sourceTree = "<group>"; };
		6C246D360F2078E80014B2F7 /* HISTORY */ = {isa = PBXFileReference; fileEncoding = 4; lastKnownFileType = text; path = HISTORY; sourceTree = "<group>"; };
		6C246D390F2078E80014B2F7 /* base.rb */ = {isa = PBXFileReference; fileEncoding = 4; lastKnownFileType = text.script.ruby; path = base.rb; sourceTree = "<group>"; };
		6C246D3A0F2078E80014B2F7 /* harvest_resource.rb */ = {isa = PBXFileReference; fileEncoding = 4; lastKnownFileType = text.script.ruby; path = harvest_resource.rb; sourceTree = "<group>"; };
		6C246D3C0F2078E80014B2F7 /* active_resource_inheritable_headers.rb */ = {isa = PBXFileReference; fileEncoding = 4; lastKnownFileType = text.script.ruby; path = active_resource_inheritable_headers.rb; sourceTree = "<group>"; };
		6C246D3D0F2078E80014B2F7 /* hash_ext.rb */ = {isa = PBXFileReference; fileEncoding = 4; lastKnownFileType = text.script.ruby; path = hash_ext.rb; sourceTree = "<group>"; };
		6C246D3E0F2078E80014B2F7 /* toggleable.rb */ = {isa = PBXFileReference; fileEncoding = 4; lastKnownFileType = text.script.ruby; path = toggleable.rb; sourceTree = "<group>"; };
		6C246D400F2078E80014B2F7 /* client.rb */ = {isa = PBXFileReference; fileEncoding = 4; lastKnownFileType = text.script.ruby; path = client.rb; sourceTree = "<group>"; };
		6C246D410F2078E80014B2F7 /* entry.rb */ = {isa = PBXFileReference; fileEncoding = 4; lastKnownFileType = text.script.ruby; path = entry.rb; sourceTree = "<group>"; };
		6C246D420F2078E80014B2F7 /* expense.rb */ = {isa = PBXFileReference; fileEncoding = 4; lastKnownFileType = text.script.ruby; path = expense.rb; sourceTree = "<group>"; };
		6C246D430F2078E80014B2F7 /* expense_category.rb */ = {isa = PBXFileReference; fileEncoding = 4; lastKnownFileType = text.script.ruby; path = expense_category.rb; sourceTree = "<group>"; };
		6C246D440F2078E80014B2F7 /* person.rb */ = {isa = PBXFileReference; fileEncoding = 4; lastKnownFileType = text.script.ruby; path = person.rb; sourceTree = "<group>"; };
		6C246D450F2078E80014B2F7 /* project.rb */ = {isa = PBXFileReference; fileEncoding = 4; lastKnownFileType = text.script.ruby; path = project.rb; sourceTree = "<group>"; };
		6C246D460F2078E80014B2F7 /* task.rb */ = {isa = PBXFileReference; fileEncoding = 4; lastKnownFileType = text.script.ruby; path = task.rb; sourceTree = "<group>"; };
		6C246D470F2078E80014B2F7 /* task_assignment.rb */ = {isa = PBXFileReference; fileEncoding = 4; lastKnownFileType = text.script.ruby; path = task_assignment.rb; sourceTree = "<group>"; };
		6C246D480F2078E80014B2F7 /* user_assignment.rb */ = {isa = PBXFileReference; fileEncoding = 4; lastKnownFileType = text.script.ruby; path = user_assignment.rb; sourceTree = "<group>"; };
		6C246D490F2078E80014B2F7 /* harvest.rb */ = {isa = PBXFileReference; fileEncoding = 4; lastKnownFileType = text.script.ruby; path = harvest.rb; sourceTree = "<group>"; };
		6C246D4A0F2078E80014B2F7 /* LICENSE */ = {isa = PBXFileReference; fileEncoding = 4; lastKnownFileType = text; path = LICENSE; sourceTree = "<group>"; };
		6C246D4B0F2078E80014B2F7 /* Rakefile */ = {isa = PBXFileReference; fileEncoding = 4; lastKnownFileType = text; path = Rakefile; sourceTree = "<group>"; };
		6C246D4C0F2078E80014B2F7 /* README.rdoc */ = {isa = PBXFileReference; fileEncoding = 4; lastKnownFileType = text; path = README.rdoc; sourceTree = "<group>"; };
		6C246D4F0F2078E80014B2F7 /* client_integration.rb */ = {isa = PBXFileReference; fileEncoding = 4; lastKnownFileType = text.script.ruby; path = client_integration.rb; sourceTree = "<group>"; };
		6C246D500F2078E80014B2F7 /* client_teardown.rb */ = {isa = PBXFileReference; fileEncoding = 4; lastKnownFileType = text.script.ruby; path = client_teardown.rb; sourceTree = "<group>"; };
		6C246D510F2078E80014B2F7 /* expense_category_integration.rb */ = {isa = PBXFileReference; fileEncoding = 4; lastKnownFileType = text.script.ruby; path = expense_category_integration.rb; sourceTree = "<group>"; };
		6C246D520F2078E80014B2F7 /* expense_category_teardown.rb */ = {isa = PBXFileReference; fileEncoding = 4; lastKnownFileType = text.script.ruby; path = expense_category_teardown.rb; sourceTree = "<group>"; };
		6C246D530F2078E80014B2F7 /* harvest_integration_test.rb */ = {isa = PBXFileReference; fileEncoding = 4; lastKnownFileType = text.script.ruby; path = harvest_integration_test.rb; sourceTree = "<group>"; };
		6C246D540F2078E80014B2F7 /* project_integration.rb */ = {isa = PBXFileReference; fileEncoding = 4; lastKnownFileType = text.script.ruby; path = project_integration.rb; sourceTree = "<group>"; };
		6C246D550F2078E80014B2F7 /* project_teardown.rb */ = {isa = PBXFileReference; fileEncoding = 4; lastKnownFileType = text.script.ruby; path = project_teardown.rb; sourceTree = "<group>"; };
		6C246D560F2078E80014B2F7 /* task_integration.rb */ = {isa = PBXFileReference; fileEncoding = 4; lastKnownFileType = text.script.ruby; path = task_integration.rb; sourceTree = "<group>"; };
		6C246D570F2078E80014B2F7 /* task_teardown.rb */ = {isa = PBXFileReference; fileEncoding = 4; lastKnownFileType = text.script.ruby; path = task_teardown.rb; sourceTree = "<group>"; };
		6C246D580F2078E80014B2F7 /* test_helper.rb */ = {isa = PBXFileReference; fileEncoding = 4; lastKnownFileType = text.script.ruby; path = test_helper.rb; sourceTree = "<group>"; };
		6C246D5A0F2078E80014B2F7 /* base_test.rb */ = {isa = PBXFileReference; fileEncoding = 4; lastKnownFileType = text.script.ruby; path = base_test.rb; sourceTree = "<group>"; };
		6C246D5C0F2078E80014B2F7 /* client_test.rb */ = {isa = PBXFileReference; fileEncoding = 4; lastKnownFileType = text.script.ruby; path = client_test.rb; sourceTree = "<group>"; };
		6C246D5D0F2078E80014B2F7 /* expense_category_test.rb */ = {isa = PBXFileReference; fileEncoding = 4; lastKnownFileType = text.script.ruby; path = expense_category_test.rb; sourceTree = "<group>"; };
		6C246D5E0F2078E80014B2F7 /* expense_test.rb */ = {isa = PBXFileReference; fileEncoding = 4; lastKnownFileType = text.script.ruby; path = expense_test.rb; sourceTree = "<group>"; };
		6C246D5F0F2078E80014B2F7 /* person_test.rb */ = {isa = PBXFileReference; fileEncoding = 4; lastKnownFileType = text.script.ruby; path = person_test.rb; sourceTree = "<group>"; };
		6C246D600F2078E80014B2F7 /* project_test.rb */ = {isa = PBXFileReference; fileEncoding = 4; lastKnownFileType = text.script.ruby; path = project_test.rb; sourceTree = "<group>"; };
		6C246D610F2078E80014B2F7 /* task_assignment_test.rb */ = {isa = PBXFileReference; fileEncoding = 4; lastKnownFileType = text.script.ruby; path = task_assignment_test.rb; sourceTree = "<group>"; };
		6C246D620F2078E80014B2F7 /* task_test.rb */ = {isa = PBXFileReference; fileEncoding = 4; lastKnownFileType = text.script.ruby; path = task_test.rb; sourceTree = "<group>"; };
		6C246D630F2078E80014B2F7 /* user_assignment_test.rb */ = {isa = PBXFileReference; fileEncoding = 4; lastKnownFileType = text.script.ruby; path = user_assignment_test.rb; sourceTree = "<group>"; };
		6C246DDC0F207B7F0014B2F7 /* CHANGELOG */ = {isa = PBXFileReference; fileEncoding = 4; lastKnownFileType = text; path = CHANGELOG; sourceTree = "<group>"; };
		6C246DDF0F207B7F0014B2F7 /* base.rb */ = {isa = PBXFileReference; fileEncoding = 4; lastKnownFileType = text.script.ruby; path = base.rb; sourceTree = "<group>"; };
		6C246DE00F207B7F0014B2F7 /* connection.rb */ = {isa = PBXFileReference; fileEncoding = 4; lastKnownFileType = text.script.ruby; path = connection.rb; sourceTree = "<group>"; };
		6C246DE10F207B7F0014B2F7 /* custom_methods.rb */ = {isa = PBXFileReference; fileEncoding = 4; lastKnownFileType = text.script.ruby; path = custom_methods.rb; sourceTree = "<group>"; };
		6C246DE30F207B7F0014B2F7 /* json_format.rb */ = {isa = PBXFileReference; fileEncoding = 4; lastKnownFileType = text.script.ruby; path = json_format.rb; sourceTree = "<group>"; };
		6C246DE40F207B7F0014B2F7 /* xml_format.rb */ = {isa = PBXFileReference; fileEncoding = 4; lastKnownFileType = text.script.ruby; path = xml_format.rb; sourceTree = "<group>"; };
		6C246DE50F207B7F0014B2F7 /* formats.rb */ = {isa = PBXFileReference; fileEncoding = 4; lastKnownFileType = text.script.ruby; path = formats.rb; sourceTree = "<group>"; };
		6C246DE60F207B7F0014B2F7 /* http_mock.rb */ = {isa = PBXFileReference; fileEncoding = 4; lastKnownFileType = text.script.ruby; path = http_mock.rb; sourceTree = "<group>"; };
		6C246DE70F207B7F0014B2F7 /* validations.rb */ = {isa = PBXFileReference; fileEncoding = 4; lastKnownFileType = text.script.ruby; path = validations.rb; sourceTree = "<group>"; };
		6C246DE80F207B7F0014B2F7 /* version.rb */ = {isa = PBXFileReference; fileEncoding = 4; lastKnownFileType = text.script.ruby; path = version.rb; sourceTree = "<group>"; };
		6C246DE90F207B7F0014B2F7 /* active_resource.rb */ = {isa = PBXFileReference; fileEncoding = 4; lastKnownFileType = text.script.ruby; path = active_resource.rb; sourceTree = "<group>"; };
		6C246DEA0F207B7F0014B2F7 /* activeresource.rb */ = {isa = PBXFileReference; fileEncoding = 4; lastKnownFileType = text.script.ruby; path = activeresource.rb; sourceTree = "<group>"; };
		6C246DEB0F207B7F0014B2F7 /* Rakefile */ = {isa = PBXFileReference; fileEncoding = 4; lastKnownFileType = text; path = Rakefile; sourceTree = "<group>"; };
		6C246DEC0F207B7F0014B2F7 /* README */ = {isa = PBXFileReference; fileEncoding = 4; lastKnownFileType = text; path = README; sourceTree = "<group>"; };
		6C246DEE0F207B7F0014B2F7 /* abstract_unit.rb */ = {isa = PBXFileReference; fileEncoding = 4; lastKnownFileType = text.script.ruby; path = abstract_unit.rb; sourceTree = "<group>"; };
		6C246DEF0F207B7F0014B2F7 /* authorization_test.rb */ = {isa = PBXFileReference; fileEncoding = 4; lastKnownFileType = text.script.ruby; path = authorization_test.rb; sourceTree = "<group>"; };
		6C246DF10F207B7F0014B2F7 /* custom_methods_test.rb */ = {isa = PBXFileReference; fileEncoding = 4; lastKnownFileType = text.script.ruby; path = custom_methods_test.rb; sourceTree = "<group>"; };
		6C246DF20F207B7F0014B2F7 /* equality_test.rb */ = {isa = PBXFileReference; fileEncoding = 4; lastKnownFileType = text.script.ruby; path = equality_test.rb; sourceTree = "<group>"; };
		6C246DF30F207B7F0014B2F7 /* load_test.rb */ = {isa = PBXFileReference; fileEncoding = 4; lastKnownFileType = text.script.ruby; path = load_test.rb; sourceTree = "<group>"; };
		6C246DF40F207B7F0014B2F7 /* base_errors_test.rb */ = {isa = PBXFileReference; fileEncoding = 4; lastKnownFileType = text.script.ruby; path = base_errors_test.rb; sourceTree = "<group>"; };
		6C246DF50F207B7F0014B2F7 /* base_test.rb */ = {isa = PBXFileReference; fileEncoding = 4; lastKnownFileType = text.script.ruby; path = base_test.rb; sourceTree = "<group>"; };
		6C246DF60F207B7F0014B2F7 /* connection_test.rb */ = {isa = PBXFileReference; fileEncoding = 4; lastKnownFileType = text.script.ruby; path = connection_test.rb; sourceTree = "<group>"; };
		6C246DF80F207B7F0014B2F7 /* beast.rb */ = {isa = PBXFileReference; fileEncoding = 4; lastKnownFileType = text.script.ruby; path = beast.rb; sourceTree = "<group>"; };
		6C246DF90F207B7F0014B2F7 /* customer.rb */ = {isa = PBXFileReference; fileEncoding = 4; lastKnownFileType = text.script.ruby; path = customer.rb; sourceTree = "<group>"; };
		6C246DFA0F207B7F0014B2F7 /* person.rb */ = {isa = PBXFileReference; fileEncoding = 4; lastKnownFileType = text.script.ruby; path = person.rb; sourceTree = "<group>"; };
		6C246DFB0F207B7F0014B2F7 /* street_address.rb */ = {isa = PBXFileReference; fileEncoding = 4; lastKnownFileType = text.script.ruby; path = street_address.rb; sourceTree = "<group>"; };
		6C246DFC0F207B7F0014B2F7 /* format_test.rb */ = {isa = PBXFileReference; fileEncoding = 4; lastKnownFileType = text.script.ruby; path = format_test.rb; sourceTree = "<group>"; };
		6C246DFD0F207B7F0014B2F7 /* setter_trap.rb */ = {isa = PBXFileReference; fileEncoding = 4; lastKnownFileType = text.script.ruby; path = setter_trap.rb; sourceTree = "<group>"; };
		8D1107310486CEB800E47090 /* Info.plist */ = {isa = PBXFileReference; fileEncoding = 4; lastKnownFileType = text.plist.xml; path = Info.plist; sourceTree = "<group>"; };
		8D1107320486CEB800E47090 /* Harvester.app */ = {isa = PBXFileReference; explicitFileType = wrapper.application; includeInIndex = 0; path = Harvester.app; sourceTree = BUILT_PRODUCTS_DIR; };
/* End PBXFileReference section */

/* Begin PBXFrameworksBuildPhase section */
		8D11072E0486CEB800E47090 /* Frameworks */ = {
			isa = PBXFrameworksBuildPhase;
			buildActionMask = 2147483647;
			files = (
				8D11072F0486CEB800E47090 /* Cocoa.framework in Frameworks */,
				4DE3BE140D8651D900ECA448 /* MacRuby.framework in Frameworks */,
			);
			runOnlyForDeploymentPostprocessing = 0;
		};
/* End PBXFrameworksBuildPhase section */

/* Begin PBXGroup section */
		080E96DDFE201D6D7F000001 /* Classes */ = {
			isa = PBXGroup;
			children = (
			);
			name = Classes;
			sourceTree = "<group>";
		};
		1058C7A0FEA54F0111CA2CBB /* Linked Frameworks */ = {
			isa = PBXGroup;
			children = (
				4DE3BE130D8651D900ECA448 /* MacRuby.framework */,
				1058C7A1FEA54F0111CA2CBB /* Cocoa.framework */,
			);
			name = "Linked Frameworks";
			sourceTree = "<group>";
		};
		1058C7A2FEA54F0111CA2CBB /* Other Frameworks */ = {
			isa = PBXGroup;
			children = (
				29B97324FDCFA39411CA2CEA /* AppKit.framework */,
				13E42FB307B3F0F600E4EEF1 /* CoreData.framework */,
				29B97325FDCFA39411CA2CEA /* Foundation.framework */,
			);
			name = "Other Frameworks";
			sourceTree = "<group>";
		};
		19C28FACFE9D520D11CA2CBB /* Products */ = {
			isa = PBXGroup;
			children = (
				8D1107320486CEB800E47090 /* Harvester.app */,
			);
			name = Products;
			sourceTree = "<group>";
		};
		29B97314FDCFA39411CA2CEA /* Harvester */ = {
			isa = PBXGroup;
			children = (
				080E96DDFE201D6D7F000001 /* Classes */,
				29B97315FDCFA39411CA2CEA /* Other Sources */,
				29B97317FDCFA39411CA2CEA /* Resources */,
				29B97323FDCFA39411CA2CEA /* Frameworks */,
				19C28FACFE9D520D11CA2CBB /* Products */,
			);
			name = Harvester;
			sourceTree = "<group>";
		};
		29B97315FDCFA39411CA2CEA /* Other Sources */ = {
			isa = PBXGroup;
			children = (
				6C246DDB0F207B7F0014B2F7 /* activeresource-2.2.2 */,
				6C246D0C0F2078E80014B2F7 /* harvest-api */,
				4DE339F60D74FCDD00ADB6EE /* rb_main.rb */,
				29B97316FDCFA39411CA2CEA /* main.m */,
			);
			name = "Other Sources";
			sourceTree = "<group>";
		};
		29B97317FDCFA39411CA2CEA /* Resources */ = {
			isa = PBXGroup;
			children = (
				8D1107310486CEB800E47090 /* Info.plist */,
				089C165CFE840E0CC02AAC07 /* InfoPlist.strings */,
				29B97318FDCFA39411CA2CEA /* MainMenu.nib */,
			);
			name = Resources;
			sourceTree = "<group>";
		};
		29B97323FDCFA39411CA2CEA /* Frameworks */ = {
			isa = PBXGroup;
			children = (
				1058C7A0FEA54F0111CA2CBB /* Linked Frameworks */,
				1058C7A2FEA54F0111CA2CBB /* Other Frameworks */,
			);
			name = Frameworks;
			sourceTree = "<group>";
		};
		6C246D0C0F2078E80014B2F7 /* harvest-api */ = {
			isa = PBXGroup;
			children = (
				6C246D350F2078E80014B2F7 /* harvest.gemspec */,
				6C246D360F2078E80014B2F7 /* HISTORY */,
				6C246D370F2078E80014B2F7 /* lib */,
				6C246D4A0F2078E80014B2F7 /* LICENSE */,
				6C246D4B0F2078E80014B2F7 /* Rakefile */,
				6C246D4C0F2078E80014B2F7 /* README.rdoc */,
				6C246D4D0F2078E80014B2F7 /* test */,
			);
			name = "harvest-api";
			path = "vendor/harvest-api";
			sourceTree = "<group>";
		};
		6C246D370F2078E80014B2F7 /* lib */ = {
			isa = PBXGroup;
			children = (
				6C246D380F2078E80014B2F7 /* harvest */,
				6C246D490F2078E80014B2F7 /* harvest.rb */,
			);
			path = lib;
			sourceTree = "<group>";
		};
		6C246D380F2078E80014B2F7 /* harvest */ = {
			isa = PBXGroup;
			children = (
				6C246D390F2078E80014B2F7 /* base.rb */,
				6C246D3A0F2078E80014B2F7 /* harvest_resource.rb */,
				6C246D3B0F2078E80014B2F7 /* plugins */,
				6C246D3F0F2078E80014B2F7 /* resources */,
			);
			path = harvest;
			sourceTree = "<group>";
		};
		6C246D3B0F2078E80014B2F7 /* plugins */ = {
			isa = PBXGroup;
			children = (
				6C246D3C0F2078E80014B2F7 /* active_resource_inheritable_headers.rb */,
				6C246D3D0F2078E80014B2F7 /* hash_ext.rb */,
				6C246D3E0F2078E80014B2F7 /* toggleable.rb */,
			);
			path = plugins;
			sourceTree = "<group>";
		};
		6C246D3F0F2078E80014B2F7 /* resources */ = {
			isa = PBXGroup;
			children = (
				6C246D400F2078E80014B2F7 /* client.rb */,
				6C246D410F2078E80014B2F7 /* entry.rb */,
				6C246D420F2078E80014B2F7 /* expense.rb */,
				6C246D430F2078E80014B2F7 /* expense_category.rb */,
				6C246D440F2078E80014B2F7 /* person.rb */,
				6C246D450F2078E80014B2F7 /* project.rb */,
				6C246D460F2078E80014B2F7 /* task.rb */,
				6C246D470F2078E80014B2F7 /* task_assignment.rb */,
				6C246D480F2078E80014B2F7 /* user_assignment.rb */,
			);
			path = resources;
			sourceTree = "<group>";
		};
		6C246D4D0F2078E80014B2F7 /* test */ = {
			isa = PBXGroup;
			children = (
				6C246D4E0F2078E80014B2F7 /* integration */,
				6C246D580F2078E80014B2F7 /* test_helper.rb */,
				6C246D590F2078E80014B2F7 /* unit */,
			);
			path = test;
			sourceTree = "<group>";
		};
		6C246D4E0F2078E80014B2F7 /* integration */ = {
			isa = PBXGroup;
			children = (
				6C246D4F0F2078E80014B2F7 /* client_integration.rb */,
				6C246D500F2078E80014B2F7 /* client_teardown.rb */,
				6C246D510F2078E80014B2F7 /* expense_category_integration.rb */,
				6C246D520F2078E80014B2F7 /* expense_category_teardown.rb */,
				6C246D530F2078E80014B2F7 /* harvest_integration_test.rb */,
				6C246D540F2078E80014B2F7 /* project_integration.rb */,
				6C246D550F2078E80014B2F7 /* project_teardown.rb */,
				6C246D560F2078E80014B2F7 /* task_integration.rb */,
				6C246D570F2078E80014B2F7 /* task_teardown.rb */,
			);
			path = integration;
			sourceTree = "<group>";
		};
		6C246D590F2078E80014B2F7 /* unit */ = {
			isa = PBXGroup;
			children = (
				6C246D5A0F2078E80014B2F7 /* base_test.rb */,
				6C246D5B0F2078E80014B2F7 /* resources */,
			);
			path = unit;
			sourceTree = "<group>";
		};
		6C246D5B0F2078E80014B2F7 /* resources */ = {
			isa = PBXGroup;
			children = (
				6C246D5C0F2078E80014B2F7 /* client_test.rb */,
				6C246D5D0F2078E80014B2F7 /* expense_category_test.rb */,
				6C246D5E0F2078E80014B2F7 /* expense_test.rb */,
				6C246D5F0F2078E80014B2F7 /* person_test.rb */,
				6C246D600F2078E80014B2F7 /* project_test.rb */,
				6C246D610F2078E80014B2F7 /* task_assignment_test.rb */,
				6C246D620F2078E80014B2F7 /* task_test.rb */,
				6C246D630F2078E80014B2F7 /* user_assignment_test.rb */,
			);
			path = resources;
			sourceTree = "<group>";
		};
		6C246DDB0F207B7F0014B2F7 /* activeresource-2.2.2 */ = {
			isa = PBXGroup;
			children = (
				6C246DDC0F207B7F0014B2F7 /* CHANGELOG */,
				6C246DDD0F207B7F0014B2F7 /* lib */,
				6C246DEB0F207B7F0014B2F7 /* Rakefile */,
				6C246DEC0F207B7F0014B2F7 /* README */,
				6C246DED0F207B7F0014B2F7 /* test */,
			);
			name = "activeresource-2.2.2";
			path = "vendor/activeresource-2.2.2";
			sourceTree = "<group>";
		};
		6C246DDD0F207B7F0014B2F7 /* lib */ = {
			isa = PBXGroup;
			children = (
				6C246DDE0F207B7F0014B2F7 /* active_resource */,
				6C246DE90F207B7F0014B2F7 /* active_resource.rb */,
				6C246DEA0F207B7F0014B2F7 /* activeresource.rb */,
			);
			path = lib;
			sourceTree = "<group>";
		};
		6C246DDE0F207B7F0014B2F7 /* active_resource */ = {
			isa = PBXGroup;
			children = (
				6C246DDF0F207B7F0014B2F7 /* base.rb */,
				6C246DE00F207B7F0014B2F7 /* connection.rb */,
				6C246DE10F207B7F0014B2F7 /* custom_methods.rb */,
				6C246DE20F207B7F0014B2F7 /* formats */,
				6C246DE50F207B7F0014B2F7 /* formats.rb */,
				6C246DE60F207B7F0014B2F7 /* http_mock.rb */,
				6C246DE70F207B7F0014B2F7 /* validations.rb */,
				6C246DE80F207B7F0014B2F7 /* version.rb */,
			);
			path = active_resource;
			sourceTree = "<group>";
		};
		6C246DE20F207B7F0014B2F7 /* formats */ = {
			isa = PBXGroup;
			children = (
				6C246DE30F207B7F0014B2F7 /* json_format.rb */,
				6C246DE40F207B7F0014B2F7 /* xml_format.rb */,
			);
			path = formats;
			sourceTree = "<group>";
		};
		6C246DED0F207B7F0014B2F7 /* test */ = {
			isa = PBXGroup;
			children = (
				6C246DEE0F207B7F0014B2F7 /* abstract_unit.rb */,
				6C246DEF0F207B7F0014B2F7 /* authorization_test.rb */,
				6C246DF00F207B7F0014B2F7 /* base */,
				6C246DF40F207B7F0014B2F7 /* base_errors_test.rb */,
				6C246DF50F207B7F0014B2F7 /* base_test.rb */,
				6C246DF60F207B7F0014B2F7 /* connection_test.rb */,
				6C246DF70F207B7F0014B2F7 /* fixtures */,
				6C246DFC0F207B7F0014B2F7 /* format_test.rb */,
				6C246DFD0F207B7F0014B2F7 /* setter_trap.rb */,
			);
			path = test;
			sourceTree = "<group>";
		};
		6C246DF00F207B7F0014B2F7 /* base */ = {
			isa = PBXGroup;
			children = (
				6C246DF10F207B7F0014B2F7 /* custom_methods_test.rb */,
				6C246DF20F207B7F0014B2F7 /* equality_test.rb */,
				6C246DF30F207B7F0014B2F7 /* load_test.rb */,
			);
			path = base;
			sourceTree = "<group>";
		};
		6C246DF70F207B7F0014B2F7 /* fixtures */ = {
			isa = PBXGroup;
			children = (
				6C246DF80F207B7F0014B2F7 /* beast.rb */,
				6C246DF90F207B7F0014B2F7 /* customer.rb */,
				6C246DFA0F207B7F0014B2F7 /* person.rb */,
				6C246DFB0F207B7F0014B2F7 /* street_address.rb */,
			);
			path = fixtures;
			sourceTree = "<group>";
		};
/* End PBXGroup section */

/* Begin PBXNativeTarget section */
		8D1107260486CEB800E47090 /* Harvester */ = {
			isa = PBXNativeTarget;
			buildConfigurationList = C01FCF4A08A954540054247B /* Build configuration list for PBXNativeTarget "Harvester" */;
			buildPhases = (
				8D1107290486CEB800E47090 /* Resources */,
				8D11072C0486CEB800E47090 /* Sources */,
				8D11072E0486CEB800E47090 /* Frameworks */,
			);
			buildRules = (
			);
			dependencies = (
			);
			name = Harvester;
			productInstallPath = "$(HOME)/Applications";
			productName = Harvester;
			productReference = 8D1107320486CEB800E47090 /* Harvester.app */;
			productType = "com.apple.product-type.application";
		};
/* End PBXNativeTarget section */

/* Begin PBXProject section */
		29B97313FDCFA39411CA2CEA /* Project object */ = {
			isa = PBXProject;
			buildConfigurationList = C01FCF4E08A954540054247B /* Build configuration list for PBXProject "Harvester" */;
			compatibilityVersion = "Xcode 3.0";
			hasScannedForEncodings = 1;
			mainGroup = 29B97314FDCFA39411CA2CEA /* Harvester */;
			projectDirPath = "";
			projectRoot = "";
			targets = (
				8D1107260486CEB800E47090 /* Harvester */,
			);
		};
/* End PBXProject section */

/* Begin PBXResourcesBuildPhase section */
		8D1107290486CEB800E47090 /* Resources */ = {
			isa = PBXResourcesBuildPhase;
			buildActionMask = 2147483647;
			files = (
				8D11072A0486CEB800E47090 /* MainMenu.nib in Resources */,
				8D11072B0486CEB800E47090 /* InfoPlist.strings in Resources */,
				4DE339F70D74FCDD00ADB6EE /* rb_main.rb in Resources */,
				6C246D7B0F2078E80014B2F7 /* harvest.gemspec in Resources */,
				6C246D7C0F2078E80014B2F7 /* HISTORY in Resources */,
				6C246D7D0F2078E80014B2F7 /* base.rb in Resources */,
				6C246D7E0F2078E80014B2F7 /* harvest_resource.rb in Resources */,
				6C246D7F0F2078E80014B2F7 /* active_resource_inheritable_headers.rb in Resources */,
				6C246D800F2078E80014B2F7 /* hash_ext.rb in Resources */,
				6C246D810F2078E80014B2F7 /* toggleable.rb in Resources */,
				6C246D820F2078E80014B2F7 /* client.rb in Resources */,
				6C246D830F2078E80014B2F7 /* entry.rb in Resources */,
				6C246D840F2078E80014B2F7 /* expense.rb in Resources */,
				6C246D850F2078E80014B2F7 /* expense_category.rb in Resources */,
				6C246D860F2078E80014B2F7 /* person.rb in Resources */,
				6C246D870F2078E80014B2F7 /* project.rb in Resources */,
				6C246D880F2078E80014B2F7 /* task.rb in Resources */,
				6C246D890F2078E80014B2F7 /* task_assignment.rb in Resources */,
				6C246D8A0F2078E80014B2F7 /* user_assignment.rb in Resources */,
				6C246D8B0F2078E80014B2F7 /* harvest.rb in Resources */,
				6C246D8C0F2078E80014B2F7 /* LICENSE in Resources */,
				6C246D8D0F2078E80014B2F7 /* Rakefile in Resources */,
				6C246D8E0F2078E80014B2F7 /* README.rdoc in Resources */,
				6C246D8F0F2078E80014B2F7 /* client_integration.rb in Resources */,
				6C246D900F2078E80014B2F7 /* client_teardown.rb in Resources */,
				6C246D910F2078E80014B2F7 /* expense_category_integration.rb in Resources */,
				6C246D920F2078E80014B2F7 /* expense_category_teardown.rb in Resources */,
				6C246D930F2078E80014B2F7 /* harvest_integration_test.rb in Resources */,
				6C246D940F2078E80014B2F7 /* project_integration.rb in Resources */,
				6C246D950F2078E80014B2F7 /* project_teardown.rb in Resources */,
				6C246D960F2078E80014B2F7 /* task_integration.rb in Resources */,
				6C246D970F2078E80014B2F7 /* task_teardown.rb in Resources */,
				6C246D980F2078E80014B2F7 /* test_helper.rb in Resources */,
				6C246D990F2078E80014B2F7 /* base_test.rb in Resources */,
				6C246D9A0F2078E80014B2F7 /* client_test.rb in Resources */,
				6C246D9B0F2078E80014B2F7 /* expense_category_test.rb in Resources */,
				6C246D9C0F2078E80014B2F7 /* expense_test.rb in Resources */,
				6C246D9D0F2078E80014B2F7 /* person_test.rb in Resources */,
				6C246D9E0F2078E80014B2F7 /* project_test.rb in Resources */,
				6C246D9F0F2078E80014B2F7 /* task_assignment_test.rb in Resources */,
				6C246DA00F2078E80014B2F7 /* task_test.rb in Resources */,
				6C246DA10F2078E80014B2F7 /* user_assignment_test.rb in Resources */,
				6C246DFE0F207B7F0014B2F7 /* CHANGELOG in Resources */,
				6C246DFF0F207B7F0014B2F7 /* base.rb in Resources */,
				6C246E000F207B7F0014B2F7 /* connection.rb in Resources */,
				6C246E010F207B7F0014B2F7 /* custom_methods.rb in Resources */,
				6C246E020F207B7F0014B2F7 /* json_format.rb in Resources */,
				6C246E030F207B7F0014B2F7 /* xml_format.rb in Resources */,
				6C246E040F207B7F0014B2F7 /* formats.rb in Resources */,
				6C246E050F207B7F0014B2F7 /* http_mock.rb in Resources */,
				6C246E060F207B7F0014B2F7 /* validations.rb in Resources */,
				6C246E070F207B7F0014B2F7 /* version.rb in Resources */,
				6C246E080F207B7F0014B2F7 /* active_resource.rb in Resources */,
				6C246E090F207B7F0014B2F7 /* activeresource.rb in Resources */,
				6C246E0A0F207B7F0014B2F7 /* Rakefile in Resources */,
				6C246E0B0F207B7F0014B2F7 /* README in Resources */,
				6C246E0C0F207B7F0014B2F7 /* abstract_unit.rb in Resources */,
				6C246E0D0F207B7F0014B2F7 /* authorization_test.rb in Resources */,
				6C246E0E0F207B7F0014B2F7 /* custom_methods_test.rb in Resources */,
				6C246E0F0F207B7F0014B2F7 /* equality_test.rb in Resources */,
				6C246E100F207B7F0014B2F7 /* load_test.rb in Resources */,
				6C246E110F207B7F0014B2F7 /* base_errors_test.rb in Resources */,
				6C246E120F207B7F0014B2F7 /* base_test.rb in Resources */,
				6C246E130F207B7F0014B2F7 /* connection_test.rb in Resources */,
				6C246E140F207B7F0014B2F7 /* beast.rb in Resources */,
				6C246E150F207B7F0014B2F7 /* customer.rb in Resources */,
				6C246E160F207B7F0014B2F7 /* person.rb in Resources */,
				6C246E170F207B7F0014B2F7 /* street_address.rb in Resources */,
				6C246E180F207B7F0014B2F7 /* format_test.rb in Resources */,
				6C246E190F207B7F0014B2F7 /* setter_trap.rb in Resources */,
			);
			runOnlyForDeploymentPostprocessing = 0;
		};
/* End PBXResourcesBuildPhase section */

/* Begin PBXSourcesBuildPhase section */
		8D11072C0486CEB800E47090 /* Sources */ = {
			isa = PBXSourcesBuildPhase;
			buildActionMask = 2147483647;
			files = (
				8D11072D0486CEB800E47090 /* main.m in Sources */,
			);
			runOnlyForDeploymentPostprocessing = 0;
		};
/* End PBXSourcesBuildPhase section */

/* Begin PBXVariantGroup section */
		089C165CFE840E0CC02AAC07 /* InfoPlist.strings */ = {
			isa = PBXVariantGroup;
			children = (
				089C165DFE840E0CC02AAC07 /* English */,
			);
			name = InfoPlist.strings;
			sourceTree = "<group>";
		};
		29B97318FDCFA39411CA2CEA /* MainMenu.nib */ = {
			isa = PBXVariantGroup;
			children = (
				29B97319FDCFA39411CA2CEA /* English */,
			);
			name = MainMenu.nib;
			sourceTree = "<group>";
		};
/* End PBXVariantGroup section */

/* Begin XCBuildConfiguration section */
		C01FCF4B08A954540054247B /* Debug */ = {
			isa = XCBuildConfiguration;
			buildSettings = {
				COPY_PHASE_STRIP = NO;
				GCC_DYNAMIC_NO_PIC = NO;
				GCC_ENABLE_FIX_AND_CONTINUE = YES;
				GCC_MODEL_TUNING = G5;
				GCC_OPTIMIZATION_LEVEL = 0;
				GCC_PRECOMPILE_PREFIX_HEADER = YES;
				INFOPLIST_FILE = Info.plist;
				INSTALL_PATH = "$(HOME)/Applications";
				PRODUCT_NAME = Harvester;
				WRAPPER_EXTENSION = app;
				ZERO_LINK = YES;
			};
			name = Debug;
		};
		C01FCF4C08A954540054247B /* Release */ = {
			isa = XCBuildConfiguration;
			buildSettings = {
				DEBUG_INFORMATION_FORMAT = "dwarf-with-dsym";
				GCC_MODEL_TUNING = G5;
				GCC_PRECOMPILE_PREFIX_HEADER = YES;
				INFOPLIST_FILE = Info.plist;
				INSTALL_PATH = "$(HOME)/Applications";
				PRODUCT_NAME = Harvester;
				WRAPPER_EXTENSION = app;
			};
			name = Release;
		};
		C01FCF4F08A954540054247B /* Debug */ = {
			isa = XCBuildConfiguration;
			buildSettings = {
				GCC_ENABLE_OBJC_GC = required;
				GCC_WARN_ABOUT_RETURN_TYPE = YES;
				GCC_WARN_UNUSED_VARIABLE = YES;
				PREBINDING = NO;
				SDKROOT = "$(DEVELOPER_SDK_DIR)/MacOSX10.5.sdk";
			};
			name = Debug;
		};
		C01FCF5008A954540054247B /* Release */ = {
			isa = XCBuildConfiguration;
			buildSettings = {
				GCC_ENABLE_OBJC_GC = required;
				GCC_WARN_ABOUT_RETURN_TYPE = YES;
				GCC_WARN_UNUSED_VARIABLE = YES;
				PREBINDING = NO;
				SDKROOT = "$(DEVELOPER_SDK_DIR)/MacOSX10.5.sdk";
			};
			name = Release;
		};
/* End XCBuildConfiguration section */

/* Begin XCConfigurationList section */
		C01FCF4A08A954540054247B /* Build configuration list for PBXNativeTarget "Harvester" */ = {
			isa = XCConfigurationList;
			buildConfigurations = (
				C01FCF4B08A954540054247B /* Debug */,
				C01FCF4C08A954540054247B /* Release */,
			);
			defaultConfigurationIsVisible = 0;
			defaultConfigurationName = Release;
		};
		C01FCF4E08A954540054247B /* Build configuration list for PBXProject "Harvester" */ = {
			isa = XCConfigurationList;
			buildConfigurations = (
				C01FCF4F08A954540054247B /* Debug */,
				C01FCF5008A954540054247B /* Release */,
			);
			defaultConfigurationIsVisible = 0;
			defaultConfigurationName = Release;
		};
/* End XCConfigurationList section */
	};
	rootObject = 29B97313FDCFA39411CA2CEA /* Project object */;
}
